
Microsoft Visual Studio Solution File, Format Version 12.00
# Visual Studio Version 16
VisualStudioVersion = 16.0.31313.79
MinimumVisualStudioVersion = 10.0.40219.1
Project("{2150E333-8FDC-42A3-9474-1A3956D46DE8}") = "Solution Items", "Solution Items", "{8B7FD9E1-E574-4760-9708-74E0BB78166C}"
	ProjectSection(SolutionItems) = preProject
		.editorconfig = .editorconfig
		Config.props = Config.props
		Config.user.props = Config.user.props
		publish.ps1 = publish.ps1
	EndProjectSection
EndProject
Project("{9A19103F-16F7-4668-BE54-9A1E7A4F7556}") = "MapsExtended.Core", "MapsExtended.Core\src\MapsExtended.Core.csproj", "{B2C65EF9-CA5E-46C3-AF98-5760A6EDDCFD}"
EndProject
Project("{FAE04EC0-301F-11D3-BF4B-00C04F79EFBC}") = "MapsExtended.Core.Tests", "MapsExtended.Core\test\MapsExtended.Core.Tests.csproj", "{6B1482A8-5D37-4737-A27F-D89E3C20CA65}"
EndProject
Project("{5CB4441B-9C84-4FFA-BA39-0290BBC79373}") = "MapsExtended.Editor", "MapsExtended.Editor\src\MapsExtended.Editor.csproj", "{43885CDF-DA4E-421D-8FE9-943FFA8A9C96}"
EndProject
Project("{9E79501E-3BFC-414E-9251-50ADC8F351CB}") = "MapsExtended.Editor.Tests", "MapsExtended.Editor\test\MapsExtended.Editor.Tests.csproj", "{B99CEB60-F65C-472C-8226-0FC90C6715D0}"
EndProject
Global
	GlobalSection(SolutionConfigurationPlatforms) = preSolution
		Debug|Any CPU = Debug|Any CPU
		Release|Any CPU = Release|Any CPU
	EndGlobalSection
	GlobalSection(ProjectConfigurationPlatforms) = postSolution
		{B2C65EF9-CA5E-46C3-AF98-5760A6EDDCFD}.Debug|Any CPU.ActiveCfg = Debug|Any CPU
		{B2C65EF9-CA5E-46C3-AF98-5760A6EDDCFD}.Debug|Any CPU.Build.0 = Debug|Any CPU
		{B2C65EF9-CA5E-46C3-AF98-5760A6EDDCFD}.Release|Any CPU.ActiveCfg = Release|Any CPU
		{B2C65EF9-CA5E-46C3-AF98-5760A6EDDCFD}.Release|Any CPU.Build.0 = Release|Any CPU
		{43885CDF-DA4E-421D-8FE9-943FFA8A9C96}.Debug|Any CPU.ActiveCfg = Debug|Any CPU
		{43885CDF-DA4E-421D-8FE9-943FFA8A9C96}.Debug|Any CPU.Build.0 = Debug|Any CPU
		{43885CDF-DA4E-421D-8FE9-943FFA8A9C96}.Release|Any CPU.ActiveCfg = Release|Any CPU
		{43885CDF-DA4E-421D-8FE9-943FFA8A9C96}.Release|Any CPU.Build.0 = Release|Any CPU
		{B99CEB60-F65C-472C-8226-0FC90C6715D0}.Debug|Any CPU.ActiveCfg = Debug|Any CPU
		{B99CEB60-F65C-472C-8226-0FC90C6715D0}.Debug|Any CPU.Build.0 = Debug|Any CPU
		{B99CEB60-F65C-472C-8226-0FC90C6715D0}.Release|Any CPU.ActiveCfg = Release|Any CPU
		{B99CEB60-F65C-472C-8226-0FC90C6715D0}.Release|Any CPU.Build.0 = Release|Any CPU
		{6B1482A8-5D37-4737-A27F-D89E3C20CA65}.Debug|Any CPU.ActiveCfg = Debug|Any CPU
		{6B1482A8-5D37-4737-A27F-D89E3C20CA65}.Debug|Any CPU.Build.0 = Debug|Any CPU
		{6B1482A8-5D37-4737-A27F-D89E3C20CA65}.Release|Any CPU.ActiveCfg = Release|Any CPU
		{6B1482A8-5D37-4737-A27F-D89E3C20CA65}.Release|Any CPU.Build.0 = Release|Any CPU
	EndGlobalSection
	GlobalSection(SolutionProperties) = preSolution
		HideSolutionNode = FALSE
	EndGlobalSection
	GlobalSection(ExtensibilityGlobals) = postSolution
		SolutionGuid = {EF1DF157-9003-4800-8CDB-28C88DAEDF0B}
	EndGlobalSection
EndGlobal
